{
  "nodes": {
    "flake-utils": {
      "inputs": {
        "systems": "systems"
      },
      "locked": {
        "lastModified": 1731533236,
        "narHash": "sha256-l0KFg5HjrsfsO/JpG+r7fRrqm12kzFHyUHqHCVpMMbI=",
        "owner": "numtide",
        "repo": "flake-utils",
        "rev": "11707dc2f618dd54ca8739b309ec4fc024de578b",
        "type": "github"
      },
      "original": {
        "owner": "numtide",
        "repo": "flake-utils",
        "type": "github"
      }
    },
    "flake-utils_2": {
      "locked": {
        "lastModified": 1667395993,
        "narHash": "sha256-nuEHfE/LcWyuSWnS8t12N1wc105Qtau+/OdUAjtQ0rA=",
        "owner": "numtide",
        "repo": "flake-utils",
        "rev": "5aed5285a952e0b949eb3ba02c12fa4fcfef535f",
        "type": "github"
      },
      "original": {
        "owner": "numtide",
        "repo": "flake-utils",
        "type": "github"
      }
    },
    "fzf-tab": {
      "flake": false,
      "locked": {
        "lastModified": 1730889031,
        "narHash": "sha256-EWMeslDgs/DWVaDdI9oAS46hfZtp4LHTRY8TclKTNK8=",
        "owner": "Aloxaf",
        "repo": "fzf-tab",
        "rev": "6aced3f35def61c5edf9d790e945e8bb4fe7b305",
        "type": "github"
      },
      "original": {
        "owner": "Aloxaf",
        "repo": "fzf-tab",
        "type": "github"
      }
    },
    "nixpkgs": {
      "locked": {
        "lastModified": 1759735786,
        "narHash": "sha256-a0+h02lyP2KwSNrZz4wLJTu9ikujNsTWIC874Bv7IJ0=",
        "owner": "nixos",
        "repo": "nixpkgs",
        "rev": "20c4598c84a671783f741e02bf05cbfaf4907cff",
        "type": "github"
      },
      "original": {
        "owner": "nixos",
        "ref": "nixos-25.05",
        "repo": "nixpkgs",
        "type": "github"
      }
    },
    "nixpkgs_2": {
      "locked": {
        "lastModified": 1735141468,
        "narHash": "sha256-VIAjBr1qGcEbmhLwQJD6TABppPMggzOvqFsqkDoMsAY=",
        "owner": "nixos",
        "repo": "nixpkgs",
        "rev": "4005c3ff7505313cbc21081776ad0ce5dfd7a3ce",
        "type": "github"
      },
      "original": {
        "owner": "nixos",
        "ref": "nixos-24.11",
        "repo": "nixpkgs",
        "type": "github"
      }
    },
    "root": {
      "inputs": {
        "flake-utils": "flake-utils",
        "nixpkgs": "nixpkgs",
        "sequencelib-lean-info": "sequencelib-lean-info",
        "shell-utils": "shell-utils"
      }
    },
    "sequencelib-lean-info": {
      "flake": false,
      "locked": {
        "lastModified": 1760402708,
        "narHash": "sha256-WYCddDZ8vaUh1nLSQWSeU6VUvuWCp0LVmVp6HRk6d/4=",
        "ref": "refs/heads/main",
        "rev": "dcf1bfc3f85bacd02007a273703ce7a3287f32f3",
        "revCount": 1,
        "type": "git",
        "url": "ssh://git@provables.wetdog.digital/users/git/sequencelib-lean-info"
      },
      "original": {
        "type": "git",
        "url": "ssh://git@provables.wetdog.digital/users/git/sequencelib-lean-info"
      }
    },
    "shell-utils": {
      "inputs": {
        "flake-utils": "flake-utils_2",
        "fzf-tab": "fzf-tab",
        "nixpkgs": "nixpkgs_2"
      },
      "locked": {
        "lastModified": 1757099731,
        "narHash": "sha256-ZFd9Dbmk8KLCRCHRJFNf8Hu4dxGiy6Kkh3GNUqcYX1E=",
        "owner": "waltermoreira",
        "repo": "shell-utils",
        "rev": "dbbe2ce45a84a542f367d933e43faad1afb4b568",
        "type": "github"
      },
      "original": {
        "owner": "waltermoreira",
        "repo": "shell-utils",
        "type": "github"
      }
    },
    "systems": {
      "locked": {
        "lastModified": 1681028828,
        "narHash": "sha256-Vy1rq5AaRuLzOxct8nz4T6wlgyUR7zLU309k9mBC768=",
        "owner": "nix-systems",
        "repo": "default",
        "rev": "da67096a3b9bf56a91d16901293e51ba5b49a27e",
        "type": "github"
      },
      "original": {
        "owner": "nix-systems",
        "repo": "default",
        "type": "github"
      }
    }
  },
  "root": "root",
  "version": 7
}
